
Microsoft Visual Studio Solution File, Format Version 12.00
# Visual Studio Version 17
VisualStudioVersion = 17.10.34916.146
MinimumVisualStudioVersion = 10.0.40219.1
Project("{FAE04EC0-301F-11D3-BF4B-00C04F79EFBC}") = "APICRUDOperations", "APICRUDOperations.csproj", "{78DB10A5-566C-46A3-BF35-5740EA62BD65}"
EndProject
Project("{FAE04EC0-301F-11D3-BF4B-00C04F79EFBC}") = "BusinessLogic", "..\BusinessLogic\BusinessLogic.csproj", "{A835C037-79C2-421C-AC53-6142A259B9B9}"
EndProject
Project("{FAE04EC0-301F-11D3-BF4B-00C04F79EFBC}") = "DataAccess", "..\DataAccess\DataAccess.csproj", "{D3104490-BB8E-4E01-BE7C-C308D4DC7A8C}"
EndProject
Global
	GlobalSection(SolutionConfigurationPlatforms) = preSolution
		Debug|Any CPU = Debug|Any CPU
		Release|Any CPU = Release|Any CPU
	EndGlobalSection
	GlobalSection(ProjectConfigurationPlatforms) = postSolution
		{78DB10A5-566C-46A3-BF35-5740EA62BD65}.Debug|Any CPU.ActiveCfg = Debug|Any CPU
		{78DB10A5-566C-46A3-BF35-5740EA62BD65}.Debug|Any CPU.Build.0 = Debug|Any CPU
		{78DB10A5-566C-46A3-BF35-5740EA62BD65}.Release|Any CPU.ActiveCfg = Release|Any CPU
		{78DB10A5-566C-46A3-BF35-5740EA62BD65}.Release|Any CPU.Build.0 = Release|Any CPU
		{A835C037-79C2-421C-AC53-6142A259B9B9}.Debug|Any CPU.ActiveCfg = Debug|Any CPU
		{A835C037-79C2-421C-AC53-6142A259B9B9}.Debug|Any CPU.Build.0 = Debug|Any CPU
		{A835C037-79C2-421C-AC53-6142A259B9B9}.Release|Any CPU.ActiveCfg = Release|Any CPU
		{A835C037-79C2-421C-AC53-6142A259B9B9}.Release|Any CPU.Build.0 = Release|Any CPU
		{D3104490-BB8E-4E01-BE7C-C308D4DC7A8C}.Debug|Any CPU.ActiveCfg = Debug|Any CPU
		{D3104490-BB8E-4E01-BE7C-C308D4DC7A8C}.Debug|Any CPU.Build.0 = Debug|Any CPU
		{D3104490-BB8E-4E01-BE7C-C308D4DC7A8C}.Release|Any CPU.ActiveCfg = Release|Any CPU
		{D3104490-BB8E-4E01-BE7C-C308D4DC7A8C}.Release|Any CPU.Build.0 = Release|Any CPU
	EndGlobalSection
	GlobalSection(SolutionProperties) = preSolution
		HideSolutionNode = FALSE
	EndGlobalSection
	GlobalSection(ExtensibilityGlobals) = postSolution
		SolutionGuid = {B8DFB11F-7BA5-45AD-8770-18C9609B09FF}
	EndGlobalSection
EndGlobal
